{
  "lockfileVersion": 1,
  "configVersion": 1,
  "workspaces": {
    "": {
      "name": "desktop-shell",
      "dependencies": {
        "@astal/gtk3": "file:./libs/astal-gtk3",
        "astal": "file:./libs/astal",
      },
      "devDependencies": {
        "typescript": "^5.0.0",
      },
    },
  },
  "packages": {
    "@astal/gtk3": ["@astal/gtk3@file:libs/astal-gtk3", {}],

    "astal": ["astal@file:libs/astal", {}],

    "typescript": ["typescript@5.9.3", "", { "bin": { "tsc": "bin/tsc", "tsserver": "bin/tsserver" } }, "sha512-jl1vZzPDinLr9eUt3J/t7V6FgNEw9QjvBPdysz9KfQDD41fQrC2Y4vKQdiaUpFT4bXlb1RHhLpp8wtm6M5TgSw=="],
  }
}
